{
  "name": "ai-design-system",
  "version": "0.1.0",
  "lockfileVersion": 3,
  "requires": true,
  "packages": {
    "": {
      "name": "ai-design-system",
      "version": "0.1.0",
      "workspaces": [
        "packages/*",
        "apps/*"
      ],
      "engines": {
        "node": ">=22"
      }
    },
    "apps/demo": {
      "name": "@ai-ds/demo",
      "version": "0.1.0"
    },
    "node_modules/@ai-ds/accessibility": {
      "resolved": "packages/accessibility",
      "link": true
    },
    "node_modules/@ai-ds/compositions": {
      "resolved": "packages/compositions",
      "link": true
    },
    "node_modules/@ai-ds/contracts": {
      "resolved": "packages/contracts",
      "link": true
    },
    "node_modules/@ai-ds/demo": {
      "resolved": "apps/demo",
      "link": true
    },
    "node_modules/@ai-ds/foundations": {
      "resolved": "packages/foundations",
      "link": true
    },
    "node_modules/@ai-ds/orchestrator": {
      "resolved": "packages/orchestrator",
      "link": true
    },
    "node_modules/@ai-ds/patterns": {
      "resolved": "packages/patterns",
      "link": true
    },
    "node_modules/@ai-ds/primitives": {
      "resolved": "packages/primitives",
      "link": true
    },
    "node_modules/@ai-ds/prototype-agents": {
      "resolved": "packages/prototype-agents",
      "link": true
    },
    "node_modules/@ai-ds/recipes": {
      "resolved": "packages/recipes",
      "link": true
    },
    "node_modules/@ai-ds/semantic-tokens": {
      "resolved": "packages/semantic-tokens",
      "link": true
    },
    "packages/accessibility": {
      "name": "@ai-ds/accessibility",
      "version": "0.1.0",
      "dependencies": {
        "@ai-ds/contracts": "0.1.0",
        "@ai-ds/semantic-tokens": "0.1.0"
      }
    },
    "packages/compositions": {
      "name": "@ai-ds/compositions",
      "version": "0.1.0",
      "dependencies": {
        "@ai-ds/patterns": "0.1.0",
        "@ai-ds/recipes": "0.1.0"
      }
    },
    "packages/contracts": {
      "name": "@ai-ds/contracts",
      "version": "0.1.0"
    },
    "packages/foundations": {
      "name": "@ai-ds/foundations",
      "version": "0.1.0",
      "dependencies": {
        "@ai-ds/contracts": "0.1.0"
      }
    },
    "packages/orchestrator": {
      "name": "@ai-ds/orchestrator",
      "version": "0.1.0",
      "dependencies": {
        "@ai-ds/accessibility": "0.1.0",
        "@ai-ds/compositions": "0.1.0",
        "@ai-ds/foundations": "0.1.0",
        "@ai-ds/patterns": "0.1.0",
        "@ai-ds/primitives": "0.1.0",
        "@ai-ds/recipes": "0.1.0",
        "@ai-ds/semantic-tokens": "0.1.0"
      }
    },
    "packages/patterns": {
      "name": "@ai-ds/patterns",
      "version": "0.1.0",
      "dependencies": {
        "@ai-ds/primitives": "0.1.0",
        "@ai-ds/recipes": "0.1.0"
      }
    },
    "packages/primitives": {
      "name": "@ai-ds/primitives",
      "version": "0.1.0",
      "dependencies": {
        "@ai-ds/accessibility": "0.1.0",
        "@ai-ds/contracts": "0.1.0"
      }
    },
    "packages/prototype-agents": {
      "name": "@ai-ds/prototype-agents",
      "version": "0.1.0",
      "dependencies": {
        "@ai-ds/accessibility": "0.1.0",
        "@ai-ds/compositions": "0.1.0",
        "@ai-ds/patterns": "0.1.0",
        "@ai-ds/recipes": "0.1.0"
      }
    },
    "packages/recipes": {
      "name": "@ai-ds/recipes",
      "version": "0.1.0",
      "dependencies": {
        "@ai-ds/accessibility": "0.1.0",
        "@ai-ds/contracts": "0.1.0",
        "@ai-ds/primitives": "0.1.0",
        "@ai-ds/semantic-tokens": "0.1.0"
      }
    },
    "packages/semantic-tokens": {
      "name": "@ai-ds/semantic-tokens",
      "version": "0.1.0",
      "dependencies": {
        "@ai-ds/contracts": "0.1.0",
        "@ai-ds/foundations": "0.1.0"
      }
    }
  }
}
